// !$*UTF8*$!
{
	archiveVersion = 1;
	classes = {
	};
	objectVersion = 46;
	objects = {

/* Begin PBXBuildFile section */
		321653FC15B1556200ADA853 /* UIKit.framework in Frameworks */ = {isa = PBXBuildFile; fileRef = 321653FB15B1556200ADA853 /* UIKit.framework */; };
		321653FE15B1556200ADA853 /* Foundation.framework in Frameworks */ = {isa = PBXBuildFile; fileRef = 321653FD15B1556200ADA853 /* Foundation.framework */; };
		3216540015B1556200ADA853 /* CoreGraphics.framework in Frameworks */ = {isa = PBXBuildFile; fileRef = 321653FF15B1556200ADA853 /* CoreGraphics.framework */; };
		3216540615B1556200ADA853 /* InfoPlist.strings in Resources */ = {isa = PBXBuildFile; fileRef = 3216540415B1556200ADA853 /* InfoPlist.strings */; };
		3216540815B1556200ADA853 /* main.m in Sources */ = {isa = PBXBuildFile; fileRef = 3216540715B1556200ADA853 /* main.m */; };
		3216540C15B1556200ADA853 /* AppDelegate.m in Sources */ = {isa = PBXBuildFile; fileRef = 3216540B15B1556200ADA853 /* AppDelegate.m */; };
		42A9EA3015B15D7F002AD01D /* SystemObject.m in Sources */ = {isa = PBXBuildFile; fileRef = 42A9EA2F15B15D7F002AD01D /* SystemObject.m */; };
		42A9EA3315B15F2B002AD01D /* SystemObjectController.m in Sources */ = {isa = PBXBuildFile; fileRef = 42A9EA3215B15F2B002AD01D /* SystemObjectController.m */; };
/* End PBXBuildFile section */

/* Begin PBXFileReference section */
		321653F715B1556200ADA853 /* OurGame.app */ = {isa = PBXFileReference; explicitFileType = wrapper.application; includeInIndex = 0; path = OurGame.app; sourceTree = BUILT_PRODUCTS_DIR; };
		321653FB15B1556200ADA853 /* UIKit.framework */ = {isa = PBXFileReference; lastKnownFileType = wrapper.framework; name = UIKit.framework; path = System/Library/Frameworks/UIKit.framework; sourceTree = SDKROOT; };
		321653FD15B1556200ADA853 /* Foundation.framework */ = {isa = PBXFileReference; lastKnownFileType = wrapper.framework; name = Foundation.framework; path = System/Library/Frameworks/Foundation.framework; sourceTree = SDKROOT; };
		321653FF15B1556200ADA853 /* CoreGraphics.framework */ = {isa = PBXFileReference; lastKnownFileType = wrapper.framework; name = CoreGraphics.framework; path = System/Library/Frameworks/CoreGraphics.framework; sourceTree = SDKROOT; };
		3216540315B1556200ADA853 /* OurGame-Info.plist */ = {isa = PBXFileReference; lastKnownFileType = text.plist.xml; path = "OurGame-Info.plist"; sourceTree = "<group>"; };
		3216540515B1556200ADA853 /* en */ = {isa = PBXFileReference; lastKnownFileType = text.plist.strings; name = en; path = en.lproj/InfoPlist.strings; sourceTree = "<group>"; };
		3216540715B1556200ADA853 /* main.m */ = {isa = PBXFileReference; lastKnownFileType = sourcecode.c.objc; path = main.m; sourceTree = "<group>"; };
		3216540915B1556200ADA853 /* OurGame-Prefix.pch */ = {isa = PBXFileReference; lastKnownFileType = sourcecode.c.h; path = "OurGame-Prefix.pch"; sourceTree = "<group>"; };
		3216540A15B1556200ADA853 /* AppDelegate.h */ = {isa = PBXFileReference; lastKnownFileType = sourcecode.c.h; path = AppDelegate.h; sourceTree = "<group>"; };
		3216540B15B1556200ADA853 /* AppDelegate.m */ = {isa = PBXFileReference; lastKnownFileType = sourcecode.c.objc; path = AppDelegate.m; sourceTree = "<group>"; };
		42A9EA2E15B15D7F002AD01D /* SystemObject.h */ = {isa = PBXFileReference; fileEncoding = 4; lastKnownFileType = sourcecode.c.h; path = SystemObject.h; sourceTree = "<group>"; };
		42A9EA2F15B15D7F002AD01D /* SystemObject.m */ = {isa = PBXFileReference; fileEncoding = 4; lastKnownFileType = sourcecode.c.objc; path = SystemObject.m; sourceTree = "<group>"; };
		42A9EA3115B15F2B002AD01D /* SystemObjectController.h */ = {isa = PBXFileReference; fileEncoding = 4; lastKnownFileType = sourcecode.c.h; path = SystemObjectController.h; sourceTree = "<group>"; };
		42A9EA3215B15F2B002AD01D /* SystemObjectController.m */ = {isa = PBXFileReference; fileEncoding = 4; lastKnownFileType = sourcecode.c.objc; path = SystemObjectController.m; sourceTree = "<group>"; };
/* End PBXFileReference section */

/* Begin PBXFrameworksBuildPhase section */
		321653F415B1556200ADA853 /* Frameworks */ = {
			isa = PBXFrameworksBuildPhase;
			buildActionMask = 2147483647;
			files = (
				321653FC15B1556200ADA853 /* UIKit.framework in Frameworks */,
				321653FE15B1556200ADA853 /* Foundation.framework in Frameworks */,
				3216540015B1556200ADA853 /* CoreGraphics.framework in Frameworks */,
			);
			runOnlyForDeploymentPostprocessing = 0;
		};
/* End PBXFrameworksBuildPhase section */

/* Begin PBXGroup section */
		321653EC15B1556200ADA853 = {
			isa = PBXGroup;
			children = (
				3216540115B1556200ADA853 /* OurGame */,
				321653FA15B1556200ADA853 /* Frameworks */,
				321653F815B1556200ADA853 /* Products */,
			);
			sourceTree = "<group>";
		};
		321653F815B1556200ADA853 /* Products */ = {
			isa = PBXGroup;
			children = (
				321653F715B1556200ADA853 /* OurGame.app */,
			);
			name = Products;
			sourceTree = "<group>";
		};
		321653FA15B1556200ADA853 /* Frameworks */ = {
			isa = PBXGroup;
			children = (
				321653FB15B1556200ADA853 /* UIKit.framework */,
				321653FD15B1556200ADA853 /* Foundation.framework */,
				321653FF15B1556200ADA853 /* CoreGraphics.framework */,
			);
			name = Frameworks;
			sourceTree = "<group>";
		};
		3216540115B1556200ADA853 /* OurGame */ = {
			isa = PBXGroup;
			children = (
				3216540A15B1556200ADA853 /* AppDelegate.h */,
				3216540B15B1556200ADA853 /* AppDelegate.m */,
				42A9EA2C15B15D51002AD01D /* System */,
				3216540215B1556200ADA853 /* Supporting Files */,
			);
			path = OurGame;
			sourceTree = "<group>";
		};
		3216540215B1556200ADA853 /* Supporting Files */ = {
			isa = PBXGroup;
			children = (
				3216540315B1556200ADA853 /* OurGame-Info.plist */,
				3216540415B1556200ADA853 /* InfoPlist.strings */,
				3216540715B1556200ADA853 /* main.m */,
				3216540915B1556200ADA853 /* OurGame-Prefix.pch */,
			);
			name = "Supporting Files";
			sourceTree = "<group>";
		};
		42A9EA2C15B15D51002AD01D /* System */ = {
			isa = PBXGroup;
			children = (
				42A9EA2E15B15D7F002AD01D /* SystemObject.h */,
				42A9EA2F15B15D7F002AD01D /* SystemObject.m */,
				42A9EA3115B15F2B002AD01D /* SystemObjectController.h */,
				42A9EA3215B15F2B002AD01D /* SystemObjectController.m */,
			);
			name = System;
			sourceTree = "<group>";
		};
/* End PBXGroup section */

/* Begin PBXNativeTarget section */
		321653F615B1556200ADA853 /* OurGame */ = {
			isa = PBXNativeTarget;
			buildConfigurationList = 3216540F15B1556200ADA853 /* Build configuration list for PBXNativeTarget "OurGame" */;
			buildPhases = (
				321653F315B1556200ADA853 /* Sources */,
				321653F415B1556200ADA853 /* Frameworks */,
				321653F515B1556200ADA853 /* Resources */,
			);
			buildRules = (
			);
			dependencies = (
			);
			name = OurGame;
			productName = OurGame;
			productReference = 321653F715B1556200ADA853 /* OurGame.app */;
			productType = "com.apple.product-type.application";
		};
/* End PBXNativeTarget section */

/* Begin PBXProject section */
		321653EE15B1556200ADA853 /* Project object */ = {
			isa = PBXProject;
			attributes = {
				LastUpgradeCheck = 0450;
				ORGANIZATIONNAME = "Андрей Плотников";
			};
			buildConfigurationList = 321653F115B1556200ADA853 /* Build configuration list for PBXProject "OurGame" */;
			compatibilityVersion = "Xcode 3.2";
			developmentRegion = English;
			hasScannedForEncodings = 0;
			knownRegions = (
				en,
			);
			mainGroup = 321653EC15B1556200ADA853;
			productRefGroup = 321653F815B1556200ADA853 /* Products */;
			projectDirPath = "";
			projectRoot = "";
			targets = (
				321653F615B1556200ADA853 /* OurGame */,
			);
		};
/* End PBXProject section */

/* Begin PBXResourcesBuildPhase section */
		321653F515B1556200ADA853 /* Resources */ = {
			isa = PBXResourcesBuildPhase;
			buildActionMask = 2147483647;
			files = (
				3216540615B1556200ADA853 /* InfoPlist.strings in Resources */,
			);
			runOnlyForDeploymentPostprocessing = 0;
		};
/* End PBXResourcesBuildPhase section */

/* Begin PBXSourcesBuildPhase section */
		321653F315B1556200ADA853 /* Sources */ = {
			isa = PBXSourcesBuildPhase;
			buildActionMask = 2147483647;
			files = (
				3216540815B1556200ADA853 /* main.m in Sources */,
				3216540C15B1556200ADA853 /* AppDelegate.m in Sources */,
				42A9EA3015B15D7F002AD01D /* SystemObject.m in Sources */,
				42A9EA3315B15F2B002AD01D /* SystemObjectController.m in Sources */,
			);
			runOnlyForDeploymentPostprocessing = 0;
		};
/* End PBXSourcesBuildPhase section */

/* Begin PBXVariantGroup section */
		3216540415B1556200ADA853 /* InfoPlist.strings */ = {
			isa = PBXVariantGroup;
			children = (
				3216540515B1556200ADA853 /* en */,
			);
			name = InfoPlist.strings;
			sourceTree = "<group>";
		};
/* End PBXVariantGroup section */

/* Begin XCBuildConfiguration section */
		3216540D15B1556200ADA853 /* Debug */ = {
			isa = XCBuildConfiguration;
			buildSettings = {
				ALWAYS_SEARCH_USER_PATHS = NO;
				CLANG_CXX_LANGUAGE_STANDARD = "gnu++0x";
				CLANG_WARN__DUPLICATE_METHOD_MATCH = YES;
				"CODE_SIGN_IDENTITY[sdk=iphoneos*]" = "iPhone Developer";
				COPY_PHASE_STRIP = NO;
				GCC_C_LANGUAGE_STANDARD = gnu99;
				GCC_DYNAMIC_NO_PIC = NO;
				GCC_OPTIMIZATION_LEVEL = 0;
				GCC_PREPROCESSOR_DEFINITIONS = (
					"DEBUG=1",
					"$(inherited)",
				);
				GCC_SYMBOLS_PRIVATE_EXTERN = NO;
				GCC_WARN_ABOUT_RETURN_TYPE = YES;
				GCC_WARN_UNINITIALIZED_AUTOS = YES;
				GCC_WARN_UNUSED_VARIABLE = YES;
				IPHONEOS_DEPLOYMENT_TARGET = 6.0;
				SDKROOT = iphoneos;
				TARGETED_DEVICE_FAMILY = 2;
			};
			name = Debug;
		};
		3216540E15B1556200ADA853 /* Release */ = {
			isa = XCBuildConfiguration;
			buildSettings = {
				ALWAYS_SEARCH_USER_PATHS = NO;
				CLANG_CXX_LANGUAGE_STANDARD = "gnu++0x";
				CLANG_WARN__DUPLICATE_METHOD_MATCH = YES;
				"CODE_SIGN_IDENTITY[sdk=iphoneos*]" = "iPhone Developer";
				COPY_PHASE_STRIP = YES;
				GCC_C_LANGUAGE_STANDARD = gnu99;
				GCC_WARN_ABOUT_RETURN_TYPE = YES;
				GCC_WARN_UNINITIALIZED_AUTOS = YES;
				GCC_WARN_UNUSED_VARIABLE = YES;
				IPHONEOS_DEPLOYMENT_TARGET = 6.0;
				OTHER_CFLAGS = "-DNS_BLOCK_ASSERTIONS=1";
				SDKROOT = iphoneos;
				TARGETED_DEVICE_FAMILY = 2;
				VALIDATE_PRODUCT = YES;
			};
			name = Release;
		};
		3216541015B1556200ADA853 /* Debug */ = {
			isa = XCBuildConfiguration;
			buildSettings = {
				GCC_PRECOMPILE_PREFIX_HEADER = YES;
				GCC_PREFIX_HEADER = "OurGame/OurGame-Prefix.pch";
				INFOPLIST_FILE = "OurGame/OurGame-Info.plist";
				PRODUCT_NAME = "$(TARGET_NAME)";
				WRAPPER_EXTENSION = app;
			};
			name = Debug;
		};
		3216541115B1556200ADA853 /* Release */ = {
			isa = XCBuildConfiguration;
			buildSettings = {
				GCC_PRECOMPILE_PREFIX_HEADER = YES;
				GCC_PREFIX_HEADER = "OurGame/OurGame-Prefix.pch";
				INFOPLIST_FILE = "OurGame/OurGame-Info.plist";
				PRODUCT_NAME = "$(TARGET_NAME)";
				WRAPPER_EXTENSION = app;
			};
			name = Release;
		};
/* End XCBuildConfiguration section */

/* Begin XCConfigurationList section */
		321653F115B1556200ADA853 /* Build configuration list for PBXProject "OurGame" */ = {
			isa = XCConfigurationList;
			buildConfigurations = (
				3216540D15B1556200ADA853 /* Debug */,
				3216540E15B1556200ADA853 /* Release */,
			);
			defaultConfigurationIsVisible = 0;
			defaultConfigurationName = Release;
		};
		3216540F15B1556200ADA853 /* Build configuration list for PBXNativeTarget "OurGame" */ = {
			isa = XCConfigurationList;
			buildConfigurations = (
				3216541015B1556200ADA853 /* Debug */,
				3216541115B1556200ADA853 /* Release */,
			);
			defaultConfigurationIsVisible = 0;
			defaultConfigurationName = Release;
		};
/* End XCConfigurationList section */
	};
	rootObject = 321653EE15B1556200ADA853 /* Project object */;
}
